
Microsoft Visual Studio Solution File, Format Version 12.00
# Visual Studio Version 16
VisualStudioVersion = 16.0.31005.135
MinimumVisualStudioVersion = 10.0.40219.1
Project("{FAE04EC0-301F-11D3-BF4B-00C04F79EFBC}") = "RealClassMetotDemo", "RealClassMetotDemo\RealClassMetotDemo.csproj", "{2F83CDBF-7B2F-44AF-B7E8-EBA199A25378}"
EndProject
Global
	GlobalSection(SolutionConfigurationPlatforms) = preSolution
		Debug|Any CPU = Debug|Any CPU
		Release|Any CPU = Release|Any CPU
	EndGlobalSection
	GlobalSection(ProjectConfigurationPlatforms) = postSolution
		{2F83CDBF-7B2F-44AF-B7E8-EBA199A25378}.Debug|Any CPU.ActiveCfg = Debug|Any CPU
		{2F83CDBF-7B2F-44AF-B7E8-EBA199A25378}.Debug|Any CPU.Build.0 = Debug|Any CPU
		{2F83CDBF-7B2F-44AF-B7E8-EBA199A25378}.Release|Any CPU.ActiveCfg = Release|Any CPU
		{2F83CDBF-7B2F-44AF-B7E8-EBA199A25378}.Release|Any CPU.Build.0 = Release|Any CPU
	EndGlobalSection
	GlobalSection(SolutionProperties) = preSolution
		HideSolutionNode = FALSE
	EndGlobalSection
	GlobalSection(ExtensibilityGlobals) = postSolution
		SolutionGuid = {CFB4077C-33CB-4881-AE1F-6BA36013D91A}
	EndGlobalSection
EndGlobal
